
Microsoft Visual Studio Solution File, Format Version 12.00
# Visual Studio Version 17
VisualStudioVersion = 17.3.32929.385
MinimumVisualStudioVersion = 10.0.40219.1
Project("{9A19103F-16F7-4668-BE54-9A1E7A4F7556}") = "DevOC.App", "src\DevOC.App\DevOC.App.csproj", "{2DC0E036-834D-4E4A-B62C-9A433FBCC79C}"
EndProject
Project("{FAE04EC0-301F-11D3-BF4B-00C04F79EFBC}") = "DevOC.Business", "src\DevOC.Business\DevOC.Business.csproj", "{D1A8F761-B27C-4899-95FF-B3A30BBC2C57}"
EndProject
Project("{FAE04EC0-301F-11D3-BF4B-00C04F79EFBC}") = "DevOC.Data", "src\DevOC.Data\DevOC.Data.csproj", "{F7FF0D61-BAE0-437F-A654-521DAEA75BDB}"
EndProject
Global
	GlobalSection(SolutionConfigurationPlatforms) = preSolution
		Debug|Any CPU = Debug|Any CPU
		Release|Any CPU = Release|Any CPU
	EndGlobalSection
	GlobalSection(ProjectConfigurationPlatforms) = postSolution
		{2DC0E036-834D-4E4A-B62C-9A433FBCC79C}.Debug|Any CPU.ActiveCfg = Debug|Any CPU
		{2DC0E036-834D-4E4A-B62C-9A433FBCC79C}.Debug|Any CPU.Build.0 = Debug|Any CPU
		{2DC0E036-834D-4E4A-B62C-9A433FBCC79C}.Release|Any CPU.ActiveCfg = Release|Any CPU
		{2DC0E036-834D-4E4A-B62C-9A433FBCC79C}.Release|Any CPU.Build.0 = Release|Any CPU
		{D1A8F761-B27C-4899-95FF-B3A30BBC2C57}.Debug|Any CPU.ActiveCfg = Debug|Any CPU
		{D1A8F761-B27C-4899-95FF-B3A30BBC2C57}.Debug|Any CPU.Build.0 = Debug|Any CPU
		{D1A8F761-B27C-4899-95FF-B3A30BBC2C57}.Release|Any CPU.ActiveCfg = Release|Any CPU
		{D1A8F761-B27C-4899-95FF-B3A30BBC2C57}.Release|Any CPU.Build.0 = Release|Any CPU
		{F7FF0D61-BAE0-437F-A654-521DAEA75BDB}.Debug|Any CPU.ActiveCfg = Debug|Any CPU
		{F7FF0D61-BAE0-437F-A654-521DAEA75BDB}.Debug|Any CPU.Build.0 = Debug|Any CPU
		{F7FF0D61-BAE0-437F-A654-521DAEA75BDB}.Release|Any CPU.ActiveCfg = Release|Any CPU
		{F7FF0D61-BAE0-437F-A654-521DAEA75BDB}.Release|Any CPU.Build.0 = Release|Any CPU
	EndGlobalSection
	GlobalSection(SolutionProperties) = preSolution
		HideSolutionNode = FALSE
	EndGlobalSection
	GlobalSection(ExtensibilityGlobals) = postSolution
		SolutionGuid = {6BC9E38E-EA31-431A-95B0-4283E2CC161E}
	EndGlobalSection
EndGlobal
